// !$*UTF8*$!
{
	archiveVersion = 1;
	classes = {
	};
	objectVersion = 56;
	objects = {

/* Begin PBXBuildFile section */
		4B50697D2A2010D500EDF0F8 /* AppDelegate.swift in Sources */ = {isa = PBXBuildFile; fileRef = 4B50697C2A2010D500EDF0F8 /* AppDelegate.swift */; };
		4B50697F2A2010D500EDF0F8 /* SceneDelegate.swift in Sources */ = {isa = PBXBuildFile; fileRef = 4B50697E2A2010D500EDF0F8 /* SceneDelegate.swift */; };
		4B5069812A2010D500EDF0F8 /* ViewController.swift in Sources */ = {isa = PBXBuildFile; fileRef = 4B5069802A2010D500EDF0F8 /* ViewController.swift */; };
		4B5069842A2010D500EDF0F8 /* Main.storyboard in Resources */ = {isa = PBXBuildFile; fileRef = 4B5069822A2010D500EDF0F8 /* Main.storyboard */; };
		4B5069862A2010D600EDF0F8 /* Assets.xcassets in Resources */ = {isa = PBXBuildFile; fileRef = 4B5069852A2010D600EDF0F8 /* Assets.xcassets */; };
		4B5069892A2010D600EDF0F8 /* LaunchScreen.storyboard in Resources */ = {isa = PBXBuildFile; fileRef = 4B5069872A2010D600EDF0F8 /* LaunchScreen.storyboard */; };
		4B5069912A20119300EDF0F8 /* Contact.swift in Sources */ = {isa = PBXBuildFile; fileRef = 4B5069902A20119300EDF0F8 /* Contact.swift */; };
		4B5069932A20120A00EDF0F8 /* MainScreenView.swift in Sources */ = {isa = PBXBuildFile; fileRef = 4B5069922A20120A00EDF0F8 /* MainScreenView.swift */; };
		4B5069952A2013B900EDF0F8 /* ContactsTableViewCell.swift in Sources */ = {isa = PBXBuildFile; fileRef = 4B5069942A2013B900EDF0F8 /* ContactsTableViewCell.swift */; };
		4B50699A2A2015F900EDF0F8 /* APIConfigs.swift in Sources */ = {isa = PBXBuildFile; fileRef = 4B5069992A2015F900EDF0F8 /* APIConfigs.swift */; };
		A6DE36572AEC6E340069B651 /* ContactsDetailView.swift in Sources */ = {isa = PBXBuildFile; fileRef = A6DE36562AEC6E340069B651 /* ContactsDetailView.swift */; };
		A6DE36592AEC707F0069B651 /* ContactsDetailViewController.swift in Sources */ = {isa = PBXBuildFile; fileRef = A6DE36582AEC707F0069B651 /* ContactsDetailViewController.swift */; };
		A6DE365C2AEC9A270069B651 /* EditScreenView.swift in Sources */ = {isa = PBXBuildFile; fileRef = A6DE365B2AEC9A270069B651 /* EditScreenView.swift */; };
		A6DE365E2AEC9C580069B651 /* EditScreenViewController.swift in Sources */ = {isa = PBXBuildFile; fileRef = A6DE365D2AEC9C580069B651 /* EditScreenViewController.swift */; };
		ED35E7E1EFBBA41898CC04A7 /* Pods_App10.framework in Frameworks */ = {isa = PBXBuildFile; fileRef = E1BDBCF123FF72DE28622BAD /* Pods_App10.framework */; };
/* End PBXBuildFile section */

/* Begin PBXFileReference section */
		4B5069792A2010D500EDF0F8 /* App10.app */ = {isa = PBXFileReference; explicitFileType = wrapper.application; includeInIndex = 0; path = App10.app; sourceTree = BUILT_PRODUCTS_DIR; };
		4B50697C2A2010D500EDF0F8 /* AppDelegate.swift */ = {isa = PBXFileReference; lastKnownFileType = sourcecode.swift; path = AppDelegate.swift; sourceTree = "<group>"; };
		4B50697E2A2010D500EDF0F8 /* SceneDelegate.swift */ = {isa = PBXFileReference; lastKnownFileType = sourcecode.swift; path = SceneDelegate.swift; sourceTree = "<group>"; };
		4B5069802A2010D500EDF0F8 /* ViewController.swift */ = {isa = PBXFileReference; lastKnownFileType = sourcecode.swift; path = ViewController.swift; sourceTree = "<group>"; };
		4B5069832A2010D500EDF0F8 /* Base */ = {isa = PBXFileReference; lastKnownFileType = file.storyboard; name = Base; path = Base.lproj/Main.storyboard; sourceTree = "<group>"; };
		4B5069852A2010D600EDF0F8 /* Assets.xcassets */ = {isa = PBXFileReference; lastKnownFileType = folder.assetcatalog; path = Assets.xcassets; sourceTree = "<group>"; };
		4B5069882A2010D600EDF0F8 /* Base */ = {isa = PBXFileReference; lastKnownFileType = file.storyboard; name = Base; path = Base.lproj/LaunchScreen.storyboard; sourceTree = "<group>"; };
		4B50698A2A2010D600EDF0F8 /* Info.plist */ = {isa = PBXFileReference; lastKnownFileType = text.plist.xml; path = Info.plist; sourceTree = "<group>"; };
		4B5069902A20119300EDF0F8 /* Contact.swift */ = {isa = PBXFileReference; lastKnownFileType = sourcecode.swift; path = Contact.swift; sourceTree = "<group>"; };
		4B5069922A20120A00EDF0F8 /* MainScreenView.swift */ = {isa = PBXFileReference; lastKnownFileType = sourcecode.swift; path = MainScreenView.swift; sourceTree = "<group>"; };
		4B5069942A2013B900EDF0F8 /* ContactsTableViewCell.swift */ = {isa = PBXFileReference; lastKnownFileType = sourcecode.swift; path = ContactsTableViewCell.swift; sourceTree = "<group>"; };
		4B5069992A2015F900EDF0F8 /* APIConfigs.swift */ = {isa = PBXFileReference; lastKnownFileType = sourcecode.swift; path = APIConfigs.swift; sourceTree = "<group>"; };
		56EA6D9465A9251247E561B4 /* Pods-App10.release.xcconfig */ = {isa = PBXFileReference; includeInIndex = 1; lastKnownFileType = text.xcconfig; name = "Pods-App10.release.xcconfig"; path = "Target Support Files/Pods-App10/Pods-App10.release.xcconfig"; sourceTree = "<group>"; };
		A6DE36562AEC6E340069B651 /* ContactsDetailView.swift */ = {isa = PBXFileReference; lastKnownFileType = sourcecode.swift; path = ContactsDetailView.swift; sourceTree = "<group>"; };
		A6DE36582AEC707F0069B651 /* ContactsDetailViewController.swift */ = {isa = PBXFileReference; lastKnownFileType = sourcecode.swift; path = ContactsDetailViewController.swift; sourceTree = "<group>"; };
		A6DE365B2AEC9A270069B651 /* EditScreenView.swift */ = {isa = PBXFileReference; lastKnownFileType = sourcecode.swift; path = EditScreenView.swift; sourceTree = "<group>"; };
		A6DE365D2AEC9C580069B651 /* EditScreenViewController.swift */ = {isa = PBXFileReference; lastKnownFileType = sourcecode.swift; path = EditScreenViewController.swift; sourceTree = "<group>"; };
		C5DE25199F7A36DC5EF5BAC9 /* Pods-App10.debug.xcconfig */ = {isa = PBXFileReference; includeInIndex = 1; lastKnownFileType = text.xcconfig; name = "Pods-App10.debug.xcconfig"; path = "Target Support Files/Pods-App10/Pods-App10.debug.xcconfig"; sourceTree = "<group>"; };
		E1BDBCF123FF72DE28622BAD /* Pods_App10.framework */ = {isa = PBXFileReference; explicitFileType = wrapper.framework; includeInIndex = 0; path = Pods_App10.framework; sourceTree = BUILT_PRODUCTS_DIR; };
/* End PBXFileReference section */

/* Begin PBXFrameworksBuildPhase section */
		4B5069762A2010D500EDF0F8 /* Frameworks */ = {
			isa = PBXFrameworksBuildPhase;
			buildActionMask = 2147483647;
			files = (
				ED35E7E1EFBBA41898CC04A7 /* Pods_App10.framework in Frameworks */,
			);
			runOnlyForDeploymentPostprocessing = 0;
		};
/* End PBXFrameworksBuildPhase section */

/* Begin PBXGroup section */
		4B5069702A2010D500EDF0F8 = {
			isa = PBXGroup;
			children = (
				4B50697B2A2010D500EDF0F8 /* App10 */,
				4B50697A2A2010D500EDF0F8 /* Products */,
				6EDC722EF29465296A4E4AE6 /* Pods */,
				C2E2BD8F12A5019D70EA77B6 /* Frameworks */,
			);
			sourceTree = "<group>";
		};
		4B50697A2A2010D500EDF0F8 /* Products */ = {
			isa = PBXGroup;
			children = (
				4B5069792A2010D500EDF0F8 /* App10.app */,
			);
			name = Products;
			sourceTree = "<group>";
		};
		4B50697B2A2010D500EDF0F8 /* App10 */ = {
			isa = PBXGroup;
			children = (
				A6DE365A2AEC9A0C0069B651 /* EditScreen */,
				A6DE36552AEC6E0B0069B651 /* DetailScreen */,
				4B5069992A2015F900EDF0F8 /* APIConfigs.swift */,
				4B5069972A2013E700EDF0F8 /* Data models */,
				4B5069962A2013C500EDF0F8 /* MainScreen */,
				4B50697C2A2010D500EDF0F8 /* AppDelegate.swift */,
				4B50697E2A2010D500EDF0F8 /* SceneDelegate.swift */,
				4B5069822A2010D500EDF0F8 /* Main.storyboard */,
				4B5069852A2010D600EDF0F8 /* Assets.xcassets */,
				4B5069872A2010D600EDF0F8 /* LaunchScreen.storyboard */,
				4B50698A2A2010D600EDF0F8 /* Info.plist */,
			);
			path = App10;
			sourceTree = "<group>";
		};
		4B5069962A2013C500EDF0F8 /* MainScreen */ = {
			isa = PBXGroup;
			children = (
				4B5069982A20140200EDF0F8 /* Views */,
				4B5069802A2010D500EDF0F8 /* ViewController.swift */,
			);
			path = MainScreen;
			sourceTree = "<group>";
		};
		4B5069972A2013E700EDF0F8 /* Data models */ = {
			isa = PBXGroup;
			children = (
				4B5069902A20119300EDF0F8 /* Contact.swift */,
			);
			path = "Data models";
			sourceTree = "<group>";
		};
		4B5069982A20140200EDF0F8 /* Views */ = {
			isa = PBXGroup;
			children = (
				4B5069922A20120A00EDF0F8 /* MainScreenView.swift */,
				4B5069942A2013B900EDF0F8 /* ContactsTableViewCell.swift */,
			);
			path = Views;
			sourceTree = "<group>";
		};
		6EDC722EF29465296A4E4AE6 /* Pods */ = {
			isa = PBXGroup;
			children = (
				C5DE25199F7A36DC5EF5BAC9 /* Pods-App10.debug.xcconfig */,
				56EA6D9465A9251247E561B4 /* Pods-App10.release.xcconfig */,
			);
			path = Pods;
			sourceTree = "<group>";
		};
		A6DE36552AEC6E0B0069B651 /* DetailScreen */ = {
			isa = PBXGroup;
			children = (
				A6DE36562AEC6E340069B651 /* ContactsDetailView.swift */,
				A6DE36582AEC707F0069B651 /* ContactsDetailViewController.swift */,
			);
			path = DetailScreen;
			sourceTree = "<group>";
		};
		A6DE365A2AEC9A0C0069B651 /* EditScreen */ = {
			isa = PBXGroup;
			children = (
				A6DE365B2AEC9A270069B651 /* EditScreenView.swift */,
				A6DE365D2AEC9C580069B651 /* EditScreenViewController.swift */,
			);
			path = EditScreen;
			sourceTree = "<group>";
		};
		C2E2BD8F12A5019D70EA77B6 /* Frameworks */ = {
			isa = PBXGroup;
			children = (
				E1BDBCF123FF72DE28622BAD /* Pods_App10.framework */,
			);
			name = Frameworks;
			sourceTree = "<group>";
		};
/* End PBXGroup section */

/* Begin PBXNativeTarget section */
		4B5069782A2010D500EDF0F8 /* App10 */ = {
			isa = PBXNativeTarget;
			buildConfigurationList = 4B50698D2A2010D600EDF0F8 /* Build configuration list for PBXNativeTarget "App10" */;
			buildPhases = (
				B13175A6247B1825F24A6706 /* [CP] Check Pods Manifest.lock */,
				4B5069752A2010D500EDF0F8 /* Sources */,
				4B5069762A2010D500EDF0F8 /* Frameworks */,
				4B5069772A2010D500EDF0F8 /* Resources */,
				16566048A511C5EFD4CC5D64 /* [CP] Embed Pods Frameworks */,
			);
			buildRules = (
			);
			dependencies = (
			);
			name = App10;
			productName = App10;
			productReference = 4B5069792A2010D500EDF0F8 /* App10.app */;
			productType = "com.apple.product-type.application";
		};
/* End PBXNativeTarget section */

/* Begin PBXProject section */
		4B5069712A2010D500EDF0F8 /* Project object */ = {
			isa = PBXProject;
			attributes = {
				BuildIndependentTargetsInParallel = 1;
				LastSwiftUpdateCheck = 1430;
				LastUpgradeCheck = 1430;
				TargetAttributes = {
					4B5069782A2010D500EDF0F8 = {
						CreatedOnToolsVersion = 14.3;
					};
				};
			};
			buildConfigurationList = 4B5069742A2010D500EDF0F8 /* Build configuration list for PBXProject "App10" */;
			compatibilityVersion = "Xcode 14.0";
			developmentRegion = en;
			hasScannedForEncodings = 0;
			knownRegions = (
				en,
				Base,
			);
			mainGroup = 4B5069702A2010D500EDF0F8;
			productRefGroup = 4B50697A2A2010D500EDF0F8 /* Products */;
			projectDirPath = "";
			projectRoot = "";
			targets = (
				4B5069782A2010D500EDF0F8 /* App10 */,
			);
		};
/* End PBXProject section */

/* Begin PBXResourcesBuildPhase section */
		4B5069772A2010D500EDF0F8 /* Resources */ = {
			isa = PBXResourcesBuildPhase;
			buildActionMask = 2147483647;
			files = (
				4B5069892A2010D600EDF0F8 /* LaunchScreen.storyboard in Resources */,
				4B5069862A2010D600EDF0F8 /* Assets.xcassets in Resources */,
				4B5069842A2010D500EDF0F8 /* Main.storyboard in Resources */,
			);
			runOnlyForDeploymentPostprocessing = 0;
		};
/* End PBXResourcesBuildPhase section */

/* Begin PBXShellScriptBuildPhase section */
		16566048A511C5EFD4CC5D64 /* [CP] Embed Pods Frameworks */ = {
			isa = PBXShellScriptBuildPhase;
			buildActionMask = 2147483647;
			files = (
			);
			inputFileListPaths = (
				"${PODS_ROOT}/Target Support Files/Pods-App10/Pods-App10-frameworks-${CONFIGURATION}-input-files.xcfilelist",
			);
			name = "[CP] Embed Pods Frameworks";
			outputFileListPaths = (
				"${PODS_ROOT}/Target Support Files/Pods-App10/Pods-App10-frameworks-${CONFIGURATION}-output-files.xcfilelist",
			);
			runOnlyForDeploymentPostprocessing = 0;
			shellPath = /bin/sh;
			shellScript = "\"${PODS_ROOT}/Target Support Files/Pods-App10/Pods-App10-frameworks.sh\"\n";
			showEnvVarsInLog = 0;
		};
		B13175A6247B1825F24A6706 /* [CP] Check Pods Manifest.lock */ = {
			isa = PBXShellScriptBuildPhase;
			buildActionMask = 2147483647;
			files = (
			);
			inputFileListPaths = (
			);
			inputPaths = (
				"${PODS_PODFILE_DIR_PATH}/Podfile.lock",
				"${PODS_ROOT}/Manifest.lock",
			);
			name = "[CP] Check Pods Manifest.lock";
			outputFileListPaths = (
			);
			outputPaths = (
				"$(DERIVED_FILE_DIR)/Pods-App10-checkManifestLockResult.txt",
			);
			runOnlyForDeploymentPostprocessing = 0;
			shellPath = /bin/sh;
			shellScript = "diff \"${PODS_PODFILE_DIR_PATH}/Podfile.lock\" \"${PODS_ROOT}/Manifest.lock\" > /dev/null\nif [ $? != 0 ] ; then\n    # print error to STDERR\n    echo \"error: The sandbox is not in sync with the Podfile.lock. Run 'pod install' or update your CocoaPods installation.\" >&2\n    exit 1\nfi\n# This output is used by Xcode 'outputs' to avoid re-running this script phase.\necho \"SUCCESS\" > \"${SCRIPT_OUTPUT_FILE_0}\"\n";
			showEnvVarsInLog = 0;
		};
/* End PBXShellScriptBuildPhase section */

/* Begin PBXSourcesBuildPhase section */
		4B5069752A2010D500EDF0F8 /* Sources */ = {
			isa = PBXSourcesBuildPhase;
			buildActionMask = 2147483647;
			files = (
				A6DE36572AEC6E340069B651 /* ContactsDetailView.swift in Sources */,
				4B5069912A20119300EDF0F8 /* Contact.swift in Sources */,
				4B5069932A20120A00EDF0F8 /* MainScreenView.swift in Sources */,
				4B5069952A2013B900EDF0F8 /* ContactsTableViewCell.swift in Sources */,
				4B5069812A2010D500EDF0F8 /* ViewController.swift in Sources */,
				4B50697D2A2010D500EDF0F8 /* AppDelegate.swift in Sources */,
				4B50697F2A2010D500EDF0F8 /* SceneDelegate.swift in Sources */,
				4B50699A2A2015F900EDF0F8 /* APIConfigs.swift in Sources */,
				A6DE365C2AEC9A270069B651 /* EditScreenView.swift in Sources */,
				A6DE36592AEC707F0069B651 /* ContactsDetailViewController.swift in Sources */,
				A6DE365E2AEC9C580069B651 /* EditScreenViewController.swift in Sources */,
			);
			runOnlyForDeploymentPostprocessing = 0;
		};
/* End PBXSourcesBuildPhase section */

/* Begin PBXVariantGroup section */
		4B5069822A2010D500EDF0F8 /* Main.storyboard */ = {
			isa = PBXVariantGroup;
			children = (
				4B5069832A2010D500EDF0F8 /* Base */,
			);
			name = Main.storyboard;
			sourceTree = "<group>";
		};
		4B5069872A2010D600EDF0F8 /* LaunchScreen.storyboard */ = {
			isa = PBXVariantGroup;
			children = (
				4B5069882A2010D600EDF0F8 /* Base */,
			);
			name = LaunchScreen.storyboard;
			sourceTree = "<group>";
		};
/* End PBXVariantGroup section */

/* Begin XCBuildConfiguration section */
		4B50698B2A2010D600EDF0F8 /* Debug */ = {
			isa = XCBuildConfiguration;
			buildSettings = {
				ALWAYS_SEARCH_USER_PATHS = NO;
				CLANG_ANALYZER_NONNULL = YES;
				CLANG_ANALYZER_NUMBER_OBJECT_CONVERSION = YES_AGGRESSIVE;
				CLANG_CXX_LANGUAGE_STANDARD = "gnu++20";
				CLANG_ENABLE_MODULES = YES;
				CLANG_ENABLE_OBJC_ARC = YES;
				CLANG_ENABLE_OBJC_WEAK = YES;
				CLANG_WARN_BLOCK_CAPTURE_AUTORELEASING = YES;
				CLANG_WARN_BOOL_CONVERSION = YES;
				CLANG_WARN_COMMA = YES;
				CLANG_WARN_CONSTANT_CONVERSION = YES;
				CLANG_WARN_DEPRECATED_OBJC_IMPLEMENTATIONS = YES;
				CLANG_WARN_DIRECT_OBJC_ISA_USAGE = YES_ERROR;
				CLANG_WARN_DOCUMENTATION_COMMENTS = YES;
				CLANG_WARN_EMPTY_BODY = YES;
				CLANG_WARN_ENUM_CONVERSION = YES;
				CLANG_WARN_INFINITE_RECURSION = YES;
				CLANG_WARN_INT_CONVERSION = YES;
				CLANG_WARN_NON_LITERAL_NULL_CONVERSION = YES;
				CLANG_WARN_OBJC_IMPLICIT_RETAIN_SELF = YES;
				CLANG_WARN_OBJC_LITERAL_CONVERSION = YES;
				CLANG_WARN_OBJC_ROOT_CLASS = YES_ERROR;
				CLANG_WARN_QUOTED_INCLUDE_IN_FRAMEWORK_HEADER = YES;
				CLANG_WARN_RANGE_LOOP_ANALYSIS = YES;
				CLANG_WARN_STRICT_PROTOTYPES = YES;
				CLANG_WARN_SUSPICIOUS_MOVE = YES;
				CLANG_WARN_UNGUARDED_AVAILABILITY = YES_AGGRESSIVE;
				CLANG_WARN_UNREACHABLE_CODE = YES;
				CLANG_WARN__DUPLICATE_METHOD_MATCH = YES;
				COPY_PHASE_STRIP = NO;
				DEBUG_INFORMATION_FORMAT = dwarf;
				ENABLE_STRICT_OBJC_MSGSEND = YES;
				ENABLE_TESTABILITY = YES;
				GCC_C_LANGUAGE_STANDARD = gnu11;
				GCC_DYNAMIC_NO_PIC = NO;
				GCC_NO_COMMON_BLOCKS = YES;
				GCC_OPTIMIZATION_LEVEL = 0;
				GCC_PREPROCESSOR_DEFINITIONS = (
					"DEBUG=1",
					"$(inherited)",
				);
				GCC_WARN_64_TO_32_BIT_CONVERSION = YES;
				GCC_WARN_ABOUT_RETURN_TYPE = YES_ERROR;
				GCC_WARN_UNDECLARED_SELECTOR = YES;
				GCC_WARN_UNINITIALIZED_AUTOS = YES_AGGRESSIVE;
				GCC_WARN_UNUSED_FUNCTION = YES;
				GCC_WARN_UNUSED_VARIABLE = YES;
				IPHONEOS_DEPLOYMENT_TARGET = 16.4;
				MTL_ENABLE_DEBUG_INFO = INCLUDE_SOURCE;
				MTL_FAST_MATH = YES;
				ONLY_ACTIVE_ARCH = YES;
				SDKROOT = iphoneos;
				SWIFT_ACTIVE_COMPILATION_CONDITIONS = DEBUG;
				SWIFT_OPTIMIZATION_LEVEL = "-Onone";
			};
			name = Debug;
		};
		4B50698C2A2010D600EDF0F8 /* Release */ = {
			isa = XCBuildConfiguration;
			buildSettings = {
				ALWAYS_SEARCH_USER_PATHS = NO;
				CLANG_ANALYZER_NONNULL = YES;
				CLANG_ANALYZER_NUMBER_OBJECT_CONVERSION = YES_AGGRESSIVE;
				CLANG_CXX_LANGUAGE_STANDARD = "gnu++20";
				CLANG_ENABLE_MODULES = YES;
				CLANG_ENABLE_OBJC_ARC = YES;
				CLANG_ENABLE_OBJC_WEAK = YES;
				CLANG_WARN_BLOCK_CAPTURE_AUTORELEASING = YES;
				CLANG_WARN_BOOL_CONVERSION = YES;
				CLANG_WARN_COMMA = YES;
				CLANG_WARN_CONSTANT_CONVERSION = YES;
				CLANG_WARN_DEPRECATED_OBJC_IMPLEMENTATIONS = YES;
				CLANG_WARN_DIRECT_OBJC_ISA_USAGE = YES_ERROR;
				CLANG_WARN_DOCUMENTATION_COMMENTS = YES;
				CLANG_WARN_EMPTY_BODY = YES;
				CLANG_WARN_ENUM_CONVERSION = YES;
				CLANG_WARN_INFINITE_RECURSION = YES;
				CLANG_WARN_INT_CONVERSION = YES;
				CLANG_WARN_NON_LITERAL_NULL_CONVERSION = YES;
				CLANG_WARN_OBJC_IMPLICIT_RETAIN_SELF = YES;
				CLANG_WARN_OBJC_LITERAL_CONVERSION = YES;
				CLANG_WARN_OBJC_ROOT_CLASS = YES_ERROR;
				CLANG_WARN_QUOTED_INCLUDE_IN_FRAMEWORK_HEADER = YES;
				CLANG_WARN_RANGE_LOOP_ANALYSIS = YES;
				CLANG_WARN_STRICT_PROTOTYPES = YES;
				CLANG_WARN_SUSPICIOUS_MOVE = YES;
				CLANG_WARN_UNGUARDED_AVAILABILITY = YES_AGGRESSIVE;
				CLANG_WARN_UNREACHABLE_CODE = YES;
				CLANG_WARN__DUPLICATE_METHOD_MATCH = YES;
				COPY_PHASE_STRIP = NO;
				DEBUG_INFORMATION_FORMAT = "dwarf-with-dsym";
				ENABLE_NS_ASSERTIONS = NO;
				ENABLE_STRICT_OBJC_MSGSEND = YES;
				GCC_C_LANGUAGE_STANDARD = gnu11;
				GCC_NO_COMMON_BLOCKS = YES;
				GCC_WARN_64_TO_32_BIT_CONVERSION = YES;
				GCC_WARN_ABOUT_RETURN_TYPE = YES_ERROR;
				GCC_WARN_UNDECLARED_SELECTOR = YES;
				GCC_WARN_UNINITIALIZED_AUTOS = YES_AGGRESSIVE;
				GCC_WARN_UNUSED_FUNCTION = YES;
				GCC_WARN_UNUSED_VARIABLE = YES;
				IPHONEOS_DEPLOYMENT_TARGET = 16.4;
				MTL_ENABLE_DEBUG_INFO = NO;
				MTL_FAST_MATH = YES;
				SDKROOT = iphoneos;
				SWIFT_COMPILATION_MODE = wholemodule;
				SWIFT_OPTIMIZATION_LEVEL = "-O";
				VALIDATE_PRODUCT = YES;
			};
			name = Release;
		};
		4B50698E2A2010D600EDF0F8 /* Debug */ = {
			isa = XCBuildConfiguration;
			baseConfigurationReference = C5DE25199F7A36DC5EF5BAC9 /* Pods-App10.debug.xcconfig */;
			buildSettings = {
				ASSETCATALOG_COMPILER_APPICON_NAME = AppIcon;
				ASSETCATALOG_COMPILER_GLOBAL_ACCENT_COLOR_NAME = AccentColor;
				CODE_SIGN_STYLE = Automatic;
				CURRENT_PROJECT_VERSION = 1;
				DEVELOPMENT_TEAM = 6KY65WY559;
				GENERATE_INFOPLIST_FILE = YES;
				INFOPLIST_FILE = App10/Info.plist;
				INFOPLIST_KEY_UIApplicationSupportsIndirectInputEvents = YES;
				INFOPLIST_KEY_UILaunchStoryboardName = LaunchScreen;
				INFOPLIST_KEY_UIMainStoryboardFile = Main;
				INFOPLIST_KEY_UISupportedInterfaceOrientations_iPad = "UIInterfaceOrientationPortrait UIInterfaceOrientationPortraitUpsideDown UIInterfaceOrientationLandscapeLeft UIInterfaceOrientationLandscapeRight";
				INFOPLIST_KEY_UISupportedInterfaceOrientations_iPhone = "UIInterfaceOrientationPortrait UIInterfaceOrientationLandscapeLeft UIInterfaceOrientationLandscapeRight";
				LD_RUNPATH_SEARCH_PATHS = (
					"$(inherited)",
					"@executable_path/Frameworks",
				);
				MARKETING_VERSION = 1.0;
				PRODUCT_BUNDLE_IDENTIFIER = space.sakibnm.App10;
				PRODUCT_NAME = "$(TARGET_NAME)";
				SWIFT_EMIT_LOC_STRINGS = YES;
				SWIFT_VERSION = 5.0;
				TARGETED_DEVICE_FAMILY = "1,2";
			};
			name = Debug;
		};
		4B50698F2A2010D600EDF0F8 /* Release */ = {
			isa = XCBuildConfiguration;
			baseConfigurationReference = 56EA6D9465A9251247E561B4 /* Pods-App10.release.xcconfig */;
			buildSettings = {
				ASSETCATALOG_COMPILER_APPICON_NAME = AppIcon;
				ASSETCATALOG_COMPILER_GLOBAL_ACCENT_COLOR_NAME = AccentColor;
				CODE_SIGN_STYLE = Automatic;
				CURRENT_PROJECT_VERSION = 1;
				DEVELOPMENT_TEAM = 6KY65WY559;
				GENERATE_INFOPLIST_FILE = YES;
				INFOPLIST_FILE = App10/Info.plist;
				INFOPLIST_KEY_UIApplicationSupportsIndirectInputEvents = YES;
				INFOPLIST_KEY_UILaunchStoryboardName = LaunchScreen;
				INFOPLIST_KEY_UIMainStoryboardFile = Main;
				INFOPLIST_KEY_UISupportedInterfaceOrientations_iPad = "UIInterfaceOrientationPortrait UIInterfaceOrientationPortraitUpsideDown UIInterfaceOrientationLandscapeLeft UIInterfaceOrientationLandscapeRight";
				INFOPLIST_KEY_UISupportedInterfaceOrientations_iPhone = "UIInterfaceOrientationPortrait UIInterfaceOrientationLandscapeLeft UIInterfaceOrientationLandscapeRight";
				LD_RUNPATH_SEARCH_PATHS = (
					"$(inherited)",
					"@executable_path/Frameworks",
				);
				MARKETING_VERSION = 1.0;
				PRODUCT_BUNDLE_IDENTIFIER = space.sakibnm.App10;
				PRODUCT_NAME = "$(TARGET_NAME)";
				SWIFT_EMIT_LOC_STRINGS = YES;
				SWIFT_VERSION = 5.0;
				TARGETED_DEVICE_FAMILY = "1,2";
			};
			name = Release;
		};
/* End XCBuildConfiguration section */

/* Begin XCConfigurationList section */
		4B5069742A2010D500EDF0F8 /* Build configuration list for PBXProject "App10" */ = {
			isa = XCConfigurationList;
			buildConfigurations = (
				4B50698B2A2010D600EDF0F8 /* Debug */,
				4B50698C2A2010D600EDF0F8 /* Release */,
			);
			defaultConfigurationIsVisible = 0;
			defaultConfigurationName = Release;
		};
		4B50698D2A2010D600EDF0F8 /* Build configuration list for PBXNativeTarget "App10" */ = {
			isa = XCConfigurationList;
			buildConfigurations = (
				4B50698E2A2010D600EDF0F8 /* Debug */,
				4B50698F2A2010D600EDF0F8 /* Release */,
			);
			defaultConfigurationIsVisible = 0;
			defaultConfigurationName = Release;
		};
/* End XCConfigurationList section */
	};
	rootObject = 4B5069712A2010D500EDF0F8 /* Project object */;
}
