// !$*UTF8*$!
{
	archiveVersion = 1;
	classes = {
	};
	objectVersion = 56;
	objects = {

/* Begin PBXBuildFile section */
		A6BBC4B42B0323FD00D91D8D /* AppDelegate.swift in Sources */ = {isa = PBXBuildFile; fileRef = A6BBC4B32B0323FD00D91D8D /* AppDelegate.swift */; };
		A6BBC4B62B0323FD00D91D8D /* SceneDelegate.swift in Sources */ = {isa = PBXBuildFile; fileRef = A6BBC4B52B0323FD00D91D8D /* SceneDelegate.swift */; };
		A6BBC4B82B0323FD00D91D8D /* ViewController.swift in Sources */ = {isa = PBXBuildFile; fileRef = A6BBC4B72B0323FD00D91D8D /* ViewController.swift */; };
		A6BBC4BB2B0323FD00D91D8D /* Main.storyboard in Resources */ = {isa = PBXBuildFile; fileRef = A6BBC4B92B0323FD00D91D8D /* Main.storyboard */; };
		A6BBC4BD2B0323FE00D91D8D /* Assets.xcassets in Resources */ = {isa = PBXBuildFile; fileRef = A6BBC4BC2B0323FE00D91D8D /* Assets.xcassets */; };
		A6BBC4C02B0323FE00D91D8D /* LaunchScreen.storyboard in Resources */ = {isa = PBXBuildFile; fileRef = A6BBC4BE2B0323FE00D91D8D /* LaunchScreen.storyboard */; };
		A6BBC4C82B0371E300D91D8D /* GoogleService-Info.plist in Resources */ = {isa = PBXBuildFile; fileRef = A6BBC4C72B0371E300D91D8D /* GoogleService-Info.plist */; };
		A6BBC4CB2B0388A700D91D8D /* FirebaseAnalytics in Frameworks */ = {isa = PBXBuildFile; productRef = A6BBC4CA2B0388A700D91D8D /* FirebaseAnalytics */; };
		A6BBC4CD2B0388A700D91D8D /* FirebaseAnalyticsOnDeviceConversion in Frameworks */ = {isa = PBXBuildFile; productRef = A6BBC4CC2B0388A700D91D8D /* FirebaseAnalyticsOnDeviceConversion */; };
		A6BBC4CF2B0388A700D91D8D /* FirebaseAnalyticsSwift in Frameworks */ = {isa = PBXBuildFile; productRef = A6BBC4CE2B0388A700D91D8D /* FirebaseAnalyticsSwift */; };
		A6BBC4D12B0388A700D91D8D /* FirebaseAnalyticsWithoutAdIdSupport in Frameworks */ = {isa = PBXBuildFile; productRef = A6BBC4D02B0388A700D91D8D /* FirebaseAnalyticsWithoutAdIdSupport */; };
		A6BBC4D32B0388A700D91D8D /* FirebaseAppCheck in Frameworks */ = {isa = PBXBuildFile; productRef = A6BBC4D22B0388A700D91D8D /* FirebaseAppCheck */; };
		A6BBC4D52B0388A700D91D8D /* FirebaseAppDistribution-Beta in Frameworks */ = {isa = PBXBuildFile; productRef = A6BBC4D42B0388A700D91D8D /* FirebaseAppDistribution-Beta */; };
		A6BBC4D72B0388A700D91D8D /* FirebaseAuth in Frameworks */ = {isa = PBXBuildFile; productRef = A6BBC4D62B0388A700D91D8D /* FirebaseAuth */; };
		A6BBC4D92B0388A700D91D8D /* FirebaseAuthCombine-Community in Frameworks */ = {isa = PBXBuildFile; productRef = A6BBC4D82B0388A700D91D8D /* FirebaseAuthCombine-Community */; };
		A6BBC4DB2B0388A700D91D8D /* FirebaseCrashlytics in Frameworks */ = {isa = PBXBuildFile; productRef = A6BBC4DA2B0388A700D91D8D /* FirebaseCrashlytics */; };
		A6BBC4DD2B0388A700D91D8D /* FirebaseDatabase in Frameworks */ = {isa = PBXBuildFile; productRef = A6BBC4DC2B0388A700D91D8D /* FirebaseDatabase */; };
		A6BBC4DF2B0388A700D91D8D /* FirebaseDatabaseSwift in Frameworks */ = {isa = PBXBuildFile; productRef = A6BBC4DE2B0388A700D91D8D /* FirebaseDatabaseSwift */; };
		A6BBC4E12B0388A700D91D8D /* FirebaseDynamicLinks in Frameworks */ = {isa = PBXBuildFile; productRef = A6BBC4E02B0388A700D91D8D /* FirebaseDynamicLinks */; };
		A6BBC4E32B0388A700D91D8D /* FirebaseFirestore in Frameworks */ = {isa = PBXBuildFile; productRef = A6BBC4E22B0388A700D91D8D /* FirebaseFirestore */; };
		A6BBC4E52B0388A700D91D8D /* FirebaseFirestoreCombine-Community in Frameworks */ = {isa = PBXBuildFile; productRef = A6BBC4E42B0388A700D91D8D /* FirebaseFirestoreCombine-Community */; };
		A6BBC4E72B0388A700D91D8D /* FirebaseFirestoreSwift in Frameworks */ = {isa = PBXBuildFile; productRef = A6BBC4E62B0388A700D91D8D /* FirebaseFirestoreSwift */; };
		A6BBC4E92B0388A700D91D8D /* FirebaseFunctions in Frameworks */ = {isa = PBXBuildFile; productRef = A6BBC4E82B0388A700D91D8D /* FirebaseFunctions */; };
		A6BBC4EB2B0388A700D91D8D /* FirebaseFunctionsCombine-Community in Frameworks */ = {isa = PBXBuildFile; productRef = A6BBC4EA2B0388A700D91D8D /* FirebaseFunctionsCombine-Community */; };
		A6BBC4ED2B0388A700D91D8D /* FirebaseInAppMessaging-Beta in Frameworks */ = {isa = PBXBuildFile; productRef = A6BBC4EC2B0388A700D91D8D /* FirebaseInAppMessaging-Beta */; };
		A6BBC4EF2B0388A700D91D8D /* FirebaseInAppMessagingSwift-Beta in Frameworks */ = {isa = PBXBuildFile; productRef = A6BBC4EE2B0388A700D91D8D /* FirebaseInAppMessagingSwift-Beta */; };
		A6BBC4F12B0388A700D91D8D /* FirebaseInstallations in Frameworks */ = {isa = PBXBuildFile; productRef = A6BBC4F02B0388A700D91D8D /* FirebaseInstallations */; };
		A6BBC4F32B0388A700D91D8D /* FirebaseMLModelDownloader in Frameworks */ = {isa = PBXBuildFile; productRef = A6BBC4F22B0388A700D91D8D /* FirebaseMLModelDownloader */; };
		A6BBC4F52B0388A700D91D8D /* FirebaseMessaging in Frameworks */ = {isa = PBXBuildFile; productRef = A6BBC4F42B0388A700D91D8D /* FirebaseMessaging */; };
		A6BBC4F72B0388A700D91D8D /* FirebasePerformance in Frameworks */ = {isa = PBXBuildFile; productRef = A6BBC4F62B0388A700D91D8D /* FirebasePerformance */; };
		A6BBC4F92B0388A700D91D8D /* FirebaseRemoteConfig in Frameworks */ = {isa = PBXBuildFile; productRef = A6BBC4F82B0388A700D91D8D /* FirebaseRemoteConfig */; };
		A6BBC4FB2B0388A700D91D8D /* FirebaseRemoteConfigSwift in Frameworks */ = {isa = PBXBuildFile; productRef = A6BBC4FA2B0388A700D91D8D /* FirebaseRemoteConfigSwift */; };
		A6BBC4FD2B0388A700D91D8D /* FirebaseStorage in Frameworks */ = {isa = PBXBuildFile; productRef = A6BBC4FC2B0388A700D91D8D /* FirebaseStorage */; };
		A6BBC4FF2B0388A700D91D8D /* FirebaseStorageCombine-Community in Frameworks */ = {isa = PBXBuildFile; productRef = A6BBC4FE2B0388A700D91D8D /* FirebaseStorageCombine-Community */; };
		A6BBC5082B03B3FC00D91D8D /* LoginScreenView.swift in Sources */ = {isa = PBXBuildFile; fileRef = A6BBC5072B03B3FC00D91D8D /* LoginScreenView.swift */; };
		A6BBC5112B04450F00D91D8D /* RegisterView.swift in Sources */ = {isa = PBXBuildFile; fileRef = A6BBC5102B04450F00D91D8D /* RegisterView.swift */; };
		A6BBC5132B04452100D91D8D /* ChatView.swift in Sources */ = {isa = PBXBuildFile; fileRef = A6BBC5122B04452100D91D8D /* ChatView.swift */; };
		A6BBC5152B04452F00D91D8D /* MainView.swift in Sources */ = {isa = PBXBuildFile; fileRef = A6BBC5142B04452F00D91D8D /* MainView.swift */; };
		A6BBC5182B04454300D91D8D /* RegisterViewController.swift in Sources */ = {isa = PBXBuildFile; fileRef = A6BBC5172B04454300D91D8D /* RegisterViewController.swift */; };
		A6BBC51A2B04454F00D91D8D /* MainViewController.swift in Sources */ = {isa = PBXBuildFile; fileRef = A6BBC5192B04454F00D91D8D /* MainViewController.swift */; };
		A6BBC51C2B04455A00D91D8D /* ChatViewController.swift in Sources */ = {isa = PBXBuildFile; fileRef = A6BBC51B2B04455A00D91D8D /* ChatViewController.swift */; };
		A6BBC51E2B0447DE00D91D8D /* MainChatTableViewCell.swift in Sources */ = {isa = PBXBuildFile; fileRef = A6BBC51D2B0447DE00D91D8D /* MainChatTableViewCell.swift */; };
		A6BBC5202B04F97500D91D8D /* syncData.swift in Sources */ = {isa = PBXBuildFile; fileRef = A6BBC51F2B04F97500D91D8D /* syncData.swift */; };
		A6BBC5232B05A1CD00D91D8D /* Message.swift in Sources */ = {isa = PBXBuildFile; fileRef = A6BBC5222B05A1CD00D91D8D /* Message.swift */; };
		A6BBC5262B05A1E700D91D8D /* User.swift in Sources */ = {isa = PBXBuildFile; fileRef = A6BBC5252B05A1E700D91D8D /* User.swift */; };
		A6C709592B0C525E000B2D66 /* MessageTableViewCell.swift in Sources */ = {isa = PBXBuildFile; fileRef = A6C709582B0C525E000B2D66 /* MessageTableViewCell.swift */; };
/* End PBXBuildFile section */

/* Begin PBXFileReference section */
		A6BBC4B02B0323FD00D91D8D /* WA_08_Xu_9492.app */ = {isa = PBXFileReference; explicitFileType = wrapper.application; includeInIndex = 0; path = WA_08_Xu_9492.app; sourceTree = BUILT_PRODUCTS_DIR; };
		A6BBC4B32B0323FD00D91D8D /* AppDelegate.swift */ = {isa = PBXFileReference; lastKnownFileType = sourcecode.swift; path = AppDelegate.swift; sourceTree = "<group>"; };
		A6BBC4B52B0323FD00D91D8D /* SceneDelegate.swift */ = {isa = PBXFileReference; lastKnownFileType = sourcecode.swift; path = SceneDelegate.swift; sourceTree = "<group>"; };
		A6BBC4B72B0323FD00D91D8D /* ViewController.swift */ = {isa = PBXFileReference; lastKnownFileType = sourcecode.swift; path = ViewController.swift; sourceTree = "<group>"; };
		A6BBC4BA2B0323FD00D91D8D /* Base */ = {isa = PBXFileReference; lastKnownFileType = file.storyboard; name = Base; path = Base.lproj/Main.storyboard; sourceTree = "<group>"; };
		A6BBC4BC2B0323FE00D91D8D /* Assets.xcassets */ = {isa = PBXFileReference; lastKnownFileType = folder.assetcatalog; path = Assets.xcassets; sourceTree = "<group>"; };
		A6BBC4BF2B0323FE00D91D8D /* Base */ = {isa = PBXFileReference; lastKnownFileType = file.storyboard; name = Base; path = Base.lproj/LaunchScreen.storyboard; sourceTree = "<group>"; };
		A6BBC4C12B0323FE00D91D8D /* Info.plist */ = {isa = PBXFileReference; lastKnownFileType = text.plist.xml; path = Info.plist; sourceTree = "<group>"; };
		A6BBC4C72B0371E300D91D8D /* GoogleService-Info.plist */ = {isa = PBXFileReference; fileEncoding = 4; lastKnownFileType = text.plist.xml; name = "GoogleService-Info.plist"; path = "../../../../Downloads/GoogleService-Info.plist"; sourceTree = "<group>"; };
		A6BBC5072B03B3FC00D91D8D /* LoginScreenView.swift */ = {isa = PBXFileReference; lastKnownFileType = sourcecode.swift; path = LoginScreenView.swift; sourceTree = "<group>"; };
		A6BBC5102B04450F00D91D8D /* RegisterView.swift */ = {isa = PBXFileReference; lastKnownFileType = sourcecode.swift; path = RegisterView.swift; sourceTree = "<group>"; };
		A6BBC5122B04452100D91D8D /* ChatView.swift */ = {isa = PBXFileReference; lastKnownFileType = sourcecode.swift; path = ChatView.swift; sourceTree = "<group>"; };
		A6BBC5142B04452F00D91D8D /* MainView.swift */ = {isa = PBXFileReference; lastKnownFileType = sourcecode.swift; path = MainView.swift; sourceTree = "<group>"; };
		A6BBC5172B04454300D91D8D /* RegisterViewController.swift */ = {isa = PBXFileReference; lastKnownFileType = sourcecode.swift; path = RegisterViewController.swift; sourceTree = "<group>"; };
		A6BBC5192B04454F00D91D8D /* MainViewController.swift */ = {isa = PBXFileReference; lastKnownFileType = sourcecode.swift; path = MainViewController.swift; sourceTree = "<group>"; };
		A6BBC51B2B04455A00D91D8D /* ChatViewController.swift */ = {isa = PBXFileReference; lastKnownFileType = sourcecode.swift; path = ChatViewController.swift; sourceTree = "<group>"; };
		A6BBC51D2B0447DE00D91D8D /* MainChatTableViewCell.swift */ = {isa = PBXFileReference; lastKnownFileType = sourcecode.swift; path = MainChatTableViewCell.swift; sourceTree = "<group>"; };
		A6BBC51F2B04F97500D91D8D /* syncData.swift */ = {isa = PBXFileReference; lastKnownFileType = sourcecode.swift; path = syncData.swift; sourceTree = "<group>"; };
		A6BBC5222B05A1CD00D91D8D /* Message.swift */ = {isa = PBXFileReference; lastKnownFileType = sourcecode.swift; path = Message.swift; sourceTree = "<group>"; };
		A6BBC5252B05A1E700D91D8D /* User.swift */ = {isa = PBXFileReference; lastKnownFileType = sourcecode.swift; path = User.swift; sourceTree = "<group>"; };
		A6C709582B0C525E000B2D66 /* MessageTableViewCell.swift */ = {isa = PBXFileReference; lastKnownFileType = sourcecode.swift; path = MessageTableViewCell.swift; sourceTree = "<group>"; };
/* End PBXFileReference section */

/* Begin PBXFrameworksBuildPhase section */
		A6BBC4AD2B0323FD00D91D8D /* Frameworks */ = {
			isa = PBXFrameworksBuildPhase;
			buildActionMask = 2147483647;
			files = (
				A6BBC4DD2B0388A700D91D8D /* FirebaseDatabase in Frameworks */,
				A6BBC4EB2B0388A700D91D8D /* FirebaseFunctionsCombine-Community in Frameworks */,
				A6BBC4E32B0388A700D91D8D /* FirebaseFirestore in Frameworks */,
				A6BBC4CF2B0388A700D91D8D /* FirebaseAnalyticsSwift in Frameworks */,
				A6BBC4CB2B0388A700D91D8D /* FirebaseAnalytics in Frameworks */,
				A6BBC4CD2B0388A700D91D8D /* FirebaseAnalyticsOnDeviceConversion in Frameworks */,
				A6BBC4F32B0388A700D91D8D /* FirebaseMLModelDownloader in Frameworks */,
				A6BBC4E72B0388A700D91D8D /* FirebaseFirestoreSwift in Frameworks */,
				A6BBC4D32B0388A700D91D8D /* FirebaseAppCheck in Frameworks */,
				A6BBC4D12B0388A700D91D8D /* FirebaseAnalyticsWithoutAdIdSupport in Frameworks */,
				A6BBC4D72B0388A700D91D8D /* FirebaseAuth in Frameworks */,
				A6BBC4DB2B0388A700D91D8D /* FirebaseCrashlytics in Frameworks */,
				A6BBC4FB2B0388A700D91D8D /* FirebaseRemoteConfigSwift in Frameworks */,
				A6BBC4ED2B0388A700D91D8D /* FirebaseInAppMessaging-Beta in Frameworks */,
				A6BBC4DF2B0388A700D91D8D /* FirebaseDatabaseSwift in Frameworks */,
				A6BBC4E92B0388A700D91D8D /* FirebaseFunctions in Frameworks */,
				A6BBC4FF2B0388A700D91D8D /* FirebaseStorageCombine-Community in Frameworks */,
				A6BBC4F92B0388A700D91D8D /* FirebaseRemoteConfig in Frameworks */,
				A6BBC4D52B0388A700D91D8D /* FirebaseAppDistribution-Beta in Frameworks */,
				A6BBC4D92B0388A700D91D8D /* FirebaseAuthCombine-Community in Frameworks */,
				A6BBC4F72B0388A700D91D8D /* FirebasePerformance in Frameworks */,
				A6BBC4EF2B0388A700D91D8D /* FirebaseInAppMessagingSwift-Beta in Frameworks */,
				A6BBC4FD2B0388A700D91D8D /* FirebaseStorage in Frameworks */,
				A6BBC4E12B0388A700D91D8D /* FirebaseDynamicLinks in Frameworks */,
				A6BBC4E52B0388A700D91D8D /* FirebaseFirestoreCombine-Community in Frameworks */,
				A6BBC4F52B0388A700D91D8D /* FirebaseMessaging in Frameworks */,
				A6BBC4F12B0388A700D91D8D /* FirebaseInstallations in Frameworks */,
			);
			runOnlyForDeploymentPostprocessing = 0;
		};
/* End PBXFrameworksBuildPhase section */

/* Begin PBXGroup section */
		A6BBC4A72B0323FD00D91D8D = {
			isa = PBXGroup;
			children = (
				A6BBC4B22B0323FD00D91D8D /* WA_08_Xu_9492 */,
				A6BBC4B12B0323FD00D91D8D /* Products */,
			);
			sourceTree = "<group>";
		};
		A6BBC4B12B0323FD00D91D8D /* Products */ = {
			isa = PBXGroup;
			children = (
				A6BBC4B02B0323FD00D91D8D /* WA_08_Xu_9492.app */,
			);
			name = Products;
			sourceTree = "<group>";
		};
		A6BBC4B22B0323FD00D91D8D /* WA_08_Xu_9492 */ = {
			isa = PBXGroup;
			children = (
				A6BBC5242B05A1D500D91D8D /* Data Models */,
				A6BBC50F2B0444ED00D91D8D /* Chat Screen */,
				A6BBC50E2B0444E300D91D8D /* Main Screen */,
				A6BBC50D2B0444DB00D91D8D /* Register Screen */,
				A6BBC5062B03B3D700D91D8D /* First Screen */,
				A6BBC4B32B0323FD00D91D8D /* AppDelegate.swift */,
				A6BBC4B52B0323FD00D91D8D /* SceneDelegate.swift */,
				A6BBC4B92B0323FD00D91D8D /* Main.storyboard */,
				A6BBC4BC2B0323FE00D91D8D /* Assets.xcassets */,
				A6BBC4BE2B0323FE00D91D8D /* LaunchScreen.storyboard */,
				A6BBC4C12B0323FE00D91D8D /* Info.plist */,
				A6BBC4C72B0371E300D91D8D /* GoogleService-Info.plist */,
			);
			path = WA_08_Xu_9492;
			sourceTree = "<group>";
		};
		A6BBC5062B03B3D700D91D8D /* First Screen */ = {
			isa = PBXGroup;
			children = (
				A6BBC4B72B0323FD00D91D8D /* ViewController.swift */,
				A6BBC5072B03B3FC00D91D8D /* LoginScreenView.swift */,
			);
			path = "First Screen";
			sourceTree = "<group>";
		};
		A6BBC50D2B0444DB00D91D8D /* Register Screen */ = {
			isa = PBXGroup;
			children = (
				A6BBC5102B04450F00D91D8D /* RegisterView.swift */,
				A6BBC5172B04454300D91D8D /* RegisterViewController.swift */,
			);
			path = "Register Screen";
			sourceTree = "<group>";
		};
		A6BBC50E2B0444E300D91D8D /* Main Screen */ = {
			isa = PBXGroup;
			children = (
				A6BBC5142B04452F00D91D8D /* MainView.swift */,
				A6BBC5192B04454F00D91D8D /* MainViewController.swift */,
				A6BBC51D2B0447DE00D91D8D /* MainChatTableViewCell.swift */,
				A6BBC51F2B04F97500D91D8D /* syncData.swift */,
			);
			path = "Main Screen";
			sourceTree = "<group>";
		};
		A6BBC50F2B0444ED00D91D8D /* Chat Screen */ = {
			isa = PBXGroup;
			children = (
				A6BBC5122B04452100D91D8D /* ChatView.swift */,
				A6BBC51B2B04455A00D91D8D /* ChatViewController.swift */,
				A6C709582B0C525E000B2D66 /* MessageTableViewCell.swift */,
			);
			path = "Chat Screen";
			sourceTree = "<group>";
		};
		A6BBC5242B05A1D500D91D8D /* Data Models */ = {
			isa = PBXGroup;
			children = (
				A6BBC5222B05A1CD00D91D8D /* Message.swift */,
				A6BBC5252B05A1E700D91D8D /* User.swift */,
			);
			path = "Data Models";
			sourceTree = "<group>";
		};
/* End PBXGroup section */

/* Begin PBXNativeTarget section */
		A6BBC4AF2B0323FD00D91D8D /* WA_08_Xu_9492 */ = {
			isa = PBXNativeTarget;
			buildConfigurationList = A6BBC4C42B0323FE00D91D8D /* Build configuration list for PBXNativeTarget "WA_08_Xu_9492" */;
			buildPhases = (
				A6BBC4AC2B0323FD00D91D8D /* Sources */,
				A6BBC4AD2B0323FD00D91D8D /* Frameworks */,
				A6BBC4AE2B0323FD00D91D8D /* Resources */,
			);
			buildRules = (
			);
			dependencies = (
			);
			name = WA_08_Xu_9492;
			packageProductDependencies = (
				A6BBC4CA2B0388A700D91D8D /* FirebaseAnalytics */,
				A6BBC4CC2B0388A700D91D8D /* FirebaseAnalyticsOnDeviceConversion */,
				A6BBC4CE2B0388A700D91D8D /* FirebaseAnalyticsSwift */,
				A6BBC4D02B0388A700D91D8D /* FirebaseAnalyticsWithoutAdIdSupport */,
				A6BBC4D22B0388A700D91D8D /* FirebaseAppCheck */,
				A6BBC4D42B0388A700D91D8D /* FirebaseAppDistribution-Beta */,
				A6BBC4D62B0388A700D91D8D /* FirebaseAuth */,
				A6BBC4D82B0388A700D91D8D /* FirebaseAuthCombine-Community */,
				A6BBC4DA2B0388A700D91D8D /* FirebaseCrashlytics */,
				A6BBC4DC2B0388A700D91D8D /* FirebaseDatabase */,
				A6BBC4DE2B0388A700D91D8D /* FirebaseDatabaseSwift */,
				A6BBC4E02B0388A700D91D8D /* FirebaseDynamicLinks */,
				A6BBC4E22B0388A700D91D8D /* FirebaseFirestore */,
				A6BBC4E42B0388A700D91D8D /* FirebaseFirestoreCombine-Community */,
				A6BBC4E62B0388A700D91D8D /* FirebaseFirestoreSwift */,
				A6BBC4E82B0388A700D91D8D /* FirebaseFunctions */,
				A6BBC4EA2B0388A700D91D8D /* FirebaseFunctionsCombine-Community */,
				A6BBC4EC2B0388A700D91D8D /* FirebaseInAppMessaging-Beta */,
				A6BBC4EE2B0388A700D91D8D /* FirebaseInAppMessagingSwift-Beta */,
				A6BBC4F02B0388A700D91D8D /* FirebaseInstallations */,
				A6BBC4F22B0388A700D91D8D /* FirebaseMLModelDownloader */,
				A6BBC4F42B0388A700D91D8D /* FirebaseMessaging */,
				A6BBC4F62B0388A700D91D8D /* FirebasePerformance */,
				A6BBC4F82B0388A700D91D8D /* FirebaseRemoteConfig */,
				A6BBC4FA2B0388A700D91D8D /* FirebaseRemoteConfigSwift */,
				A6BBC4FC2B0388A700D91D8D /* FirebaseStorage */,
				A6BBC4FE2B0388A700D91D8D /* FirebaseStorageCombine-Community */,
			);
			productName = WA_08_Xu_9492;
			productReference = A6BBC4B02B0323FD00D91D8D /* WA_08_Xu_9492.app */;
			productType = "com.apple.product-type.application";
		};
/* End PBXNativeTarget section */

/* Begin PBXProject section */
		A6BBC4A82B0323FD00D91D8D /* Project object */ = {
			isa = PBXProject;
			attributes = {
				BuildIndependentTargetsInParallel = 1;
				LastSwiftUpdateCheck = 1500;
				LastUpgradeCheck = 1500;
				TargetAttributes = {
					A6BBC4AF2B0323FD00D91D8D = {
						CreatedOnToolsVersion = 15.0.1;
					};
				};
			};
			buildConfigurationList = A6BBC4AB2B0323FD00D91D8D /* Build configuration list for PBXProject "WA_08_Xu_9492" */;
			compatibilityVersion = "Xcode 14.0";
			developmentRegion = en;
			hasScannedForEncodings = 0;
			knownRegions = (
				en,
				Base,
			);
			mainGroup = A6BBC4A72B0323FD00D91D8D;
			packageReferences = (
				A6BBC4C92B0388A700D91D8D /* XCRemoteSwiftPackageReference "firebase-ios-sdk" */,
			);
			productRefGroup = A6BBC4B12B0323FD00D91D8D /* Products */;
			projectDirPath = "";
			projectRoot = "";
			targets = (
				A6BBC4AF2B0323FD00D91D8D /* WA_08_Xu_9492 */,
			);
		};
/* End PBXProject section */

/* Begin PBXResourcesBuildPhase section */
		A6BBC4AE2B0323FD00D91D8D /* Resources */ = {
			isa = PBXResourcesBuildPhase;
			buildActionMask = 2147483647;
			files = (
				A6BBC4C02B0323FE00D91D8D /* LaunchScreen.storyboard in Resources */,
				A6BBC4C82B0371E300D91D8D /* GoogleService-Info.plist in Resources */,
				A6BBC4BD2B0323FE00D91D8D /* Assets.xcassets in Resources */,
				A6BBC4BB2B0323FD00D91D8D /* Main.storyboard in Resources */,
			);
			runOnlyForDeploymentPostprocessing = 0;
		};
/* End PBXResourcesBuildPhase section */

/* Begin PBXSourcesBuildPhase section */
		A6BBC4AC2B0323FD00D91D8D /* Sources */ = {
			isa = PBXSourcesBuildPhase;
			buildActionMask = 2147483647;
			files = (
				A6BBC4B82B0323FD00D91D8D /* ViewController.swift in Sources */,
				A6BBC5152B04452F00D91D8D /* MainView.swift in Sources */,
				A6BBC5112B04450F00D91D8D /* RegisterView.swift in Sources */,
				A6BBC5182B04454300D91D8D /* RegisterViewController.swift in Sources */,
				A6BBC4B42B0323FD00D91D8D /* AppDelegate.swift in Sources */,
				A6BBC51E2B0447DE00D91D8D /* MainChatTableViewCell.swift in Sources */,
				A6BBC5202B04F97500D91D8D /* syncData.swift in Sources */,
				A6BBC4B62B0323FD00D91D8D /* SceneDelegate.swift in Sources */,
				A6C709592B0C525E000B2D66 /* MessageTableViewCell.swift in Sources */,
				A6BBC5262B05A1E700D91D8D /* User.swift in Sources */,
				A6BBC51A2B04454F00D91D8D /* MainViewController.swift in Sources */,
				A6BBC5232B05A1CD00D91D8D /* Message.swift in Sources */,
				A6BBC5132B04452100D91D8D /* ChatView.swift in Sources */,
				A6BBC51C2B04455A00D91D8D /* ChatViewController.swift in Sources */,
				A6BBC5082B03B3FC00D91D8D /* LoginScreenView.swift in Sources */,
			);
			runOnlyForDeploymentPostprocessing = 0;
		};
/* End PBXSourcesBuildPhase section */

/* Begin PBXVariantGroup section */
		A6BBC4B92B0323FD00D91D8D /* Main.storyboard */ = {
			isa = PBXVariantGroup;
			children = (
				A6BBC4BA2B0323FD00D91D8D /* Base */,
			);
			name = Main.storyboard;
			sourceTree = "<group>";
		};
		A6BBC4BE2B0323FE00D91D8D /* LaunchScreen.storyboard */ = {
			isa = PBXVariantGroup;
			children = (
				A6BBC4BF2B0323FE00D91D8D /* Base */,
			);
			name = LaunchScreen.storyboard;
			sourceTree = "<group>";
		};
/* End PBXVariantGroup section */

/* Begin XCBuildConfiguration section */
		A6BBC4C22B0323FE00D91D8D /* Debug */ = {
			isa = XCBuildConfiguration;
			buildSettings = {
				ALWAYS_SEARCH_USER_PATHS = NO;
				ASSETCATALOG_COMPILER_GENERATE_SWIFT_ASSET_SYMBOL_EXTENSIONS = YES;
				CLANG_ANALYZER_NONNULL = YES;
				CLANG_ANALYZER_NUMBER_OBJECT_CONVERSION = YES_AGGRESSIVE;
				CLANG_CXX_LANGUAGE_STANDARD = "gnu++20";
				CLANG_ENABLE_MODULES = YES;
				CLANG_ENABLE_OBJC_ARC = YES;
				CLANG_ENABLE_OBJC_WEAK = YES;
				CLANG_WARN_BLOCK_CAPTURE_AUTORELEASING = YES;
				CLANG_WARN_BOOL_CONVERSION = YES;
				CLANG_WARN_COMMA = YES;
				CLANG_WARN_CONSTANT_CONVERSION = YES;
				CLANG_WARN_DEPRECATED_OBJC_IMPLEMENTATIONS = YES;
				CLANG_WARN_DIRECT_OBJC_ISA_USAGE = YES_ERROR;
				CLANG_WARN_DOCUMENTATION_COMMENTS = YES;
				CLANG_WARN_EMPTY_BODY = YES;
				CLANG_WARN_ENUM_CONVERSION = YES;
				CLANG_WARN_INFINITE_RECURSION = YES;
				CLANG_WARN_INT_CONVERSION = YES;
				CLANG_WARN_NON_LITERAL_NULL_CONVERSION = YES;
				CLANG_WARN_OBJC_IMPLICIT_RETAIN_SELF = YES;
				CLANG_WARN_OBJC_LITERAL_CONVERSION = YES;
				CLANG_WARN_OBJC_ROOT_CLASS = YES_ERROR;
				CLANG_WARN_QUOTED_INCLUDE_IN_FRAMEWORK_HEADER = YES;
				CLANG_WARN_RANGE_LOOP_ANALYSIS = YES;
				CLANG_WARN_STRICT_PROTOTYPES = YES;
				CLANG_WARN_SUSPICIOUS_MOVE = YES;
				CLANG_WARN_UNGUARDED_AVAILABILITY = YES_AGGRESSIVE;
				CLANG_WARN_UNREACHABLE_CODE = YES;
				CLANG_WARN__DUPLICATE_METHOD_MATCH = YES;
				COPY_PHASE_STRIP = NO;
				DEBUG_INFORMATION_FORMAT = dwarf;
				ENABLE_STRICT_OBJC_MSGSEND = YES;
				ENABLE_TESTABILITY = YES;
				ENABLE_USER_SCRIPT_SANDBOXING = YES;
				GCC_C_LANGUAGE_STANDARD = gnu17;
				GCC_DYNAMIC_NO_PIC = NO;
				GCC_NO_COMMON_BLOCKS = YES;
				GCC_OPTIMIZATION_LEVEL = 0;
				GCC_PREPROCESSOR_DEFINITIONS = (
					"DEBUG=1",
					"$(inherited)",
				);
				GCC_WARN_64_TO_32_BIT_CONVERSION = YES;
				GCC_WARN_ABOUT_RETURN_TYPE = YES_ERROR;
				GCC_WARN_UNDECLARED_SELECTOR = YES;
				GCC_WARN_UNINITIALIZED_AUTOS = YES_AGGRESSIVE;
				GCC_WARN_UNUSED_FUNCTION = YES;
				GCC_WARN_UNUSED_VARIABLE = YES;
				IPHONEOS_DEPLOYMENT_TARGET = 17.0;
				LOCALIZATION_PREFERS_STRING_CATALOGS = YES;
				MTL_ENABLE_DEBUG_INFO = INCLUDE_SOURCE;
				MTL_FAST_MATH = YES;
				ONLY_ACTIVE_ARCH = YES;
				SDKROOT = iphoneos;
				SWIFT_ACTIVE_COMPILATION_CONDITIONS = "DEBUG $(inherited)";
				SWIFT_OPTIMIZATION_LEVEL = "-Onone";
			};
			name = Debug;
		};
		A6BBC4C32B0323FE00D91D8D /* Release */ = {
			isa = XCBuildConfiguration;
			buildSettings = {
				ALWAYS_SEARCH_USER_PATHS = NO;
				ASSETCATALOG_COMPILER_GENERATE_SWIFT_ASSET_SYMBOL_EXTENSIONS = YES;
				CLANG_ANALYZER_NONNULL = YES;
				CLANG_ANALYZER_NUMBER_OBJECT_CONVERSION = YES_AGGRESSIVE;
				CLANG_CXX_LANGUAGE_STANDARD = "gnu++20";
				CLANG_ENABLE_MODULES = YES;
				CLANG_ENABLE_OBJC_ARC = YES;
				CLANG_ENABLE_OBJC_WEAK = YES;
				CLANG_WARN_BLOCK_CAPTURE_AUTORELEASING = YES;
				CLANG_WARN_BOOL_CONVERSION = YES;
				CLANG_WARN_COMMA = YES;
				CLANG_WARN_CONSTANT_CONVERSION = YES;
				CLANG_WARN_DEPRECATED_OBJC_IMPLEMENTATIONS = YES;
				CLANG_WARN_DIRECT_OBJC_ISA_USAGE = YES_ERROR;
				CLANG_WARN_DOCUMENTATION_COMMENTS = YES;
				CLANG_WARN_EMPTY_BODY = YES;
				CLANG_WARN_ENUM_CONVERSION = YES;
				CLANG_WARN_INFINITE_RECURSION = YES;
				CLANG_WARN_INT_CONVERSION = YES;
				CLANG_WARN_NON_LITERAL_NULL_CONVERSION = YES;
				CLANG_WARN_OBJC_IMPLICIT_RETAIN_SELF = YES;
				CLANG_WARN_OBJC_LITERAL_CONVERSION = YES;
				CLANG_WARN_OBJC_ROOT_CLASS = YES_ERROR;
				CLANG_WARN_QUOTED_INCLUDE_IN_FRAMEWORK_HEADER = YES;
				CLANG_WARN_RANGE_LOOP_ANALYSIS = YES;
				CLANG_WARN_STRICT_PROTOTYPES = YES;
				CLANG_WARN_SUSPICIOUS_MOVE = YES;
				CLANG_WARN_UNGUARDED_AVAILABILITY = YES_AGGRESSIVE;
				CLANG_WARN_UNREACHABLE_CODE = YES;
				CLANG_WARN__DUPLICATE_METHOD_MATCH = YES;
				COPY_PHASE_STRIP = NO;
				DEBUG_INFORMATION_FORMAT = "dwarf-with-dsym";
				ENABLE_NS_ASSERTIONS = NO;
				ENABLE_STRICT_OBJC_MSGSEND = YES;
				ENABLE_USER_SCRIPT_SANDBOXING = YES;
				GCC_C_LANGUAGE_STANDARD = gnu17;
				GCC_NO_COMMON_BLOCKS = YES;
				GCC_WARN_64_TO_32_BIT_CONVERSION = YES;
				GCC_WARN_ABOUT_RETURN_TYPE = YES_ERROR;
				GCC_WARN_UNDECLARED_SELECTOR = YES;
				GCC_WARN_UNINITIALIZED_AUTOS = YES_AGGRESSIVE;
				GCC_WARN_UNUSED_FUNCTION = YES;
				GCC_WARN_UNUSED_VARIABLE = YES;
				IPHONEOS_DEPLOYMENT_TARGET = 17.0;
				LOCALIZATION_PREFERS_STRING_CATALOGS = YES;
				MTL_ENABLE_DEBUG_INFO = NO;
				MTL_FAST_MATH = YES;
				SDKROOT = iphoneos;
				SWIFT_COMPILATION_MODE = wholemodule;
				VALIDATE_PRODUCT = YES;
			};
			name = Release;
		};
		A6BBC4C52B0323FE00D91D8D /* Debug */ = {
			isa = XCBuildConfiguration;
			buildSettings = {
				ASSETCATALOG_COMPILER_APPICON_NAME = AppIcon;
				ASSETCATALOG_COMPILER_GLOBAL_ACCENT_COLOR_NAME = AccentColor;
				CODE_SIGN_STYLE = Automatic;
				CURRENT_PROJECT_VERSION = 1;
				GENERATE_INFOPLIST_FILE = YES;
				INFOPLIST_FILE = WA_08_Xu_9492/Info.plist;
				INFOPLIST_KEY_UIApplicationSupportsIndirectInputEvents = YES;
				INFOPLIST_KEY_UILaunchStoryboardName = LaunchScreen;
				INFOPLIST_KEY_UIMainStoryboardFile = Main;
				INFOPLIST_KEY_UISupportedInterfaceOrientations_iPad = "UIInterfaceOrientationPortrait UIInterfaceOrientationPortraitUpsideDown UIInterfaceOrientationLandscapeLeft UIInterfaceOrientationLandscapeRight";
				INFOPLIST_KEY_UISupportedInterfaceOrientations_iPhone = "UIInterfaceOrientationPortrait UIInterfaceOrientationLandscapeLeft UIInterfaceOrientationLandscapeRight";
				LD_RUNPATH_SEARCH_PATHS = (
					"$(inherited)",
					"@executable_path/Frameworks",
				);
				MARKETING_VERSION = 1.0;
				PRODUCT_BUNDLE_IDENTIFIER = "Maimai.WA-08-Xu-9492";
				PRODUCT_NAME = "$(TARGET_NAME)";
				SWIFT_EMIT_LOC_STRINGS = YES;
				SWIFT_VERSION = 5.0;
				TARGETED_DEVICE_FAMILY = "1,2";
			};
			name = Debug;
		};
		A6BBC4C62B0323FE00D91D8D /* Release */ = {
			isa = XCBuildConfiguration;
			buildSettings = {
				ASSETCATALOG_COMPILER_APPICON_NAME = AppIcon;
				ASSETCATALOG_COMPILER_GLOBAL_ACCENT_COLOR_NAME = AccentColor;
				CODE_SIGN_STYLE = Automatic;
				CURRENT_PROJECT_VERSION = 1;
				GENERATE_INFOPLIST_FILE = YES;
				INFOPLIST_FILE = WA_08_Xu_9492/Info.plist;
				INFOPLIST_KEY_UIApplicationSupportsIndirectInputEvents = YES;
				INFOPLIST_KEY_UILaunchStoryboardName = LaunchScreen;
				INFOPLIST_KEY_UIMainStoryboardFile = Main;
				INFOPLIST_KEY_UISupportedInterfaceOrientations_iPad = "UIInterfaceOrientationPortrait UIInterfaceOrientationPortraitUpsideDown UIInterfaceOrientationLandscapeLeft UIInterfaceOrientationLandscapeRight";
				INFOPLIST_KEY_UISupportedInterfaceOrientations_iPhone = "UIInterfaceOrientationPortrait UIInterfaceOrientationLandscapeLeft UIInterfaceOrientationLandscapeRight";
				LD_RUNPATH_SEARCH_PATHS = (
					"$(inherited)",
					"@executable_path/Frameworks",
				);
				MARKETING_VERSION = 1.0;
				PRODUCT_BUNDLE_IDENTIFIER = "Maimai.WA-08-Xu-9492";
				PRODUCT_NAME = "$(TARGET_NAME)";
				SWIFT_EMIT_LOC_STRINGS = YES;
				SWIFT_VERSION = 5.0;
				TARGETED_DEVICE_FAMILY = "1,2";
			};
			name = Release;
		};
/* End XCBuildConfiguration section */

/* Begin XCConfigurationList section */
		A6BBC4AB2B0323FD00D91D8D /* Build configuration list for PBXProject "WA_08_Xu_9492" */ = {
			isa = XCConfigurationList;
			buildConfigurations = (
				A6BBC4C22B0323FE00D91D8D /* Debug */,
				A6BBC4C32B0323FE00D91D8D /* Release */,
			);
			defaultConfigurationIsVisible = 0;
			defaultConfigurationName = Release;
		};
		A6BBC4C42B0323FE00D91D8D /* Build configuration list for PBXNativeTarget "WA_08_Xu_9492" */ = {
			isa = XCConfigurationList;
			buildConfigurations = (
				A6BBC4C52B0323FE00D91D8D /* Debug */,
				A6BBC4C62B0323FE00D91D8D /* Release */,
			);
			defaultConfigurationIsVisible = 0;
			defaultConfigurationName = Release;
		};
/* End XCConfigurationList section */

/* Begin XCRemoteSwiftPackageReference section */
		A6BBC4C92B0388A700D91D8D /* XCRemoteSwiftPackageReference "firebase-ios-sdk" */ = {
			isa = XCRemoteSwiftPackageReference;
			repositoryURL = "https://github.com/firebase/firebase-ios-sdk";
			requirement = {
				kind = upToNextMajorVersion;
				minimumVersion = 10.17.0;
			};
		};
/* End XCRemoteSwiftPackageReference section */

/* Begin XCSwiftPackageProductDependency section */
		A6BBC4CA2B0388A700D91D8D /* FirebaseAnalytics */ = {
			isa = XCSwiftPackageProductDependency;
			package = A6BBC4C92B0388A700D91D8D /* XCRemoteSwiftPackageReference "firebase-ios-sdk" */;
			productName = FirebaseAnalytics;
		};
		A6BBC4CC2B0388A700D91D8D /* FirebaseAnalyticsOnDeviceConversion */ = {
			isa = XCSwiftPackageProductDependency;
			package = A6BBC4C92B0388A700D91D8D /* XCRemoteSwiftPackageReference "firebase-ios-sdk" */;
			productName = FirebaseAnalyticsOnDeviceConversion;
		};
		A6BBC4CE2B0388A700D91D8D /* FirebaseAnalyticsSwift */ = {
			isa = XCSwiftPackageProductDependency;
			package = A6BBC4C92B0388A700D91D8D /* XCRemoteSwiftPackageReference "firebase-ios-sdk" */;
			productName = FirebaseAnalyticsSwift;
		};
		A6BBC4D02B0388A700D91D8D /* FirebaseAnalyticsWithoutAdIdSupport */ = {
			isa = XCSwiftPackageProductDependency;
			package = A6BBC4C92B0388A700D91D8D /* XCRemoteSwiftPackageReference "firebase-ios-sdk" */;
			productName = FirebaseAnalyticsWithoutAdIdSupport;
		};
		A6BBC4D22B0388A700D91D8D /* FirebaseAppCheck */ = {
			isa = XCSwiftPackageProductDependency;
			package = A6BBC4C92B0388A700D91D8D /* XCRemoteSwiftPackageReference "firebase-ios-sdk" */;
			productName = FirebaseAppCheck;
		};
		A6BBC4D42B0388A700D91D8D /* FirebaseAppDistribution-Beta */ = {
			isa = XCSwiftPackageProductDependency;
			package = A6BBC4C92B0388A700D91D8D /* XCRemoteSwiftPackageReference "firebase-ios-sdk" */;
			productName = "FirebaseAppDistribution-Beta";
		};
		A6BBC4D62B0388A700D91D8D /* FirebaseAuth */ = {
			isa = XCSwiftPackageProductDependency;
			package = A6BBC4C92B0388A700D91D8D /* XCRemoteSwiftPackageReference "firebase-ios-sdk" */;
			productName = FirebaseAuth;
		};
		A6BBC4D82B0388A700D91D8D /* FirebaseAuthCombine-Community */ = {
			isa = XCSwiftPackageProductDependency;
			package = A6BBC4C92B0388A700D91D8D /* XCRemoteSwiftPackageReference "firebase-ios-sdk" */;
			productName = "FirebaseAuthCombine-Community";
		};
		A6BBC4DA2B0388A700D91D8D /* FirebaseCrashlytics */ = {
			isa = XCSwiftPackageProductDependency;
			package = A6BBC4C92B0388A700D91D8D /* XCRemoteSwiftPackageReference "firebase-ios-sdk" */;
			productName = FirebaseCrashlytics;
		};
		A6BBC4DC2B0388A700D91D8D /* FirebaseDatabase */ = {
			isa = XCSwiftPackageProductDependency;
			package = A6BBC4C92B0388A700D91D8D /* XCRemoteSwiftPackageReference "firebase-ios-sdk" */;
			productName = FirebaseDatabase;
		};
		A6BBC4DE2B0388A700D91D8D /* FirebaseDatabaseSwift */ = {
			isa = XCSwiftPackageProductDependency;
			package = A6BBC4C92B0388A700D91D8D /* XCRemoteSwiftPackageReference "firebase-ios-sdk" */;
			productName = FirebaseDatabaseSwift;
		};
		A6BBC4E02B0388A700D91D8D /* FirebaseDynamicLinks */ = {
			isa = XCSwiftPackageProductDependency;
			package = A6BBC4C92B0388A700D91D8D /* XCRemoteSwiftPackageReference "firebase-ios-sdk" */;
			productName = FirebaseDynamicLinks;
		};
		A6BBC4E22B0388A700D91D8D /* FirebaseFirestore */ = {
			isa = XCSwiftPackageProductDependency;
			package = A6BBC4C92B0388A700D91D8D /* XCRemoteSwiftPackageReference "firebase-ios-sdk" */;
			productName = FirebaseFirestore;
		};
		A6BBC4E42B0388A700D91D8D /* FirebaseFirestoreCombine-Community */ = {
			isa = XCSwiftPackageProductDependency;
			package = A6BBC4C92B0388A700D91D8D /* XCRemoteSwiftPackageReference "firebase-ios-sdk" */;
			productName = "FirebaseFirestoreCombine-Community";
		};
		A6BBC4E62B0388A700D91D8D /* FirebaseFirestoreSwift */ = {
			isa = XCSwiftPackageProductDependency;
			package = A6BBC4C92B0388A700D91D8D /* XCRemoteSwiftPackageReference "firebase-ios-sdk" */;
			productName = FirebaseFirestoreSwift;
		};
		A6BBC4E82B0388A700D91D8D /* FirebaseFunctions */ = {
			isa = XCSwiftPackageProductDependency;
			package = A6BBC4C92B0388A700D91D8D /* XCRemoteSwiftPackageReference "firebase-ios-sdk" */;
			productName = FirebaseFunctions;
		};
		A6BBC4EA2B0388A700D91D8D /* FirebaseFunctionsCombine-Community */ = {
			isa = XCSwiftPackageProductDependency;
			package = A6BBC4C92B0388A700D91D8D /* XCRemoteSwiftPackageReference "firebase-ios-sdk" */;
			productName = "FirebaseFunctionsCombine-Community";
		};
		A6BBC4EC2B0388A700D91D8D /* FirebaseInAppMessaging-Beta */ = {
			isa = XCSwiftPackageProductDependency;
			package = A6BBC4C92B0388A700D91D8D /* XCRemoteSwiftPackageReference "firebase-ios-sdk" */;
			productName = "FirebaseInAppMessaging-Beta";
		};
		A6BBC4EE2B0388A700D91D8D /* FirebaseInAppMessagingSwift-Beta */ = {
			isa = XCSwiftPackageProductDependency;
			package = A6BBC4C92B0388A700D91D8D /* XCRemoteSwiftPackageReference "firebase-ios-sdk" */;
			productName = "FirebaseInAppMessagingSwift-Beta";
		};
		A6BBC4F02B0388A700D91D8D /* FirebaseInstallations */ = {
			isa = XCSwiftPackageProductDependency;
			package = A6BBC4C92B0388A700D91D8D /* XCRemoteSwiftPackageReference "firebase-ios-sdk" */;
			productName = FirebaseInstallations;
		};
		A6BBC4F22B0388A700D91D8D /* FirebaseMLModelDownloader */ = {
			isa = XCSwiftPackageProductDependency;
			package = A6BBC4C92B0388A700D91D8D /* XCRemoteSwiftPackageReference "firebase-ios-sdk" */;
			productName = FirebaseMLModelDownloader;
		};
		A6BBC4F42B0388A700D91D8D /* FirebaseMessaging */ = {
			isa = XCSwiftPackageProductDependency;
			package = A6BBC4C92B0388A700D91D8D /* XCRemoteSwiftPackageReference "firebase-ios-sdk" */;
			productName = FirebaseMessaging;
		};
		A6BBC4F62B0388A700D91D8D /* FirebasePerformance */ = {
			isa = XCSwiftPackageProductDependency;
			package = A6BBC4C92B0388A700D91D8D /* XCRemoteSwiftPackageReference "firebase-ios-sdk" */;
			productName = FirebasePerformance;
		};
		A6BBC4F82B0388A700D91D8D /* FirebaseRemoteConfig */ = {
			isa = XCSwiftPackageProductDependency;
			package = A6BBC4C92B0388A700D91D8D /* XCRemoteSwiftPackageReference "firebase-ios-sdk" */;
			productName = FirebaseRemoteConfig;
		};
		A6BBC4FA2B0388A700D91D8D /* FirebaseRemoteConfigSwift */ = {
			isa = XCSwiftPackageProductDependency;
			package = A6BBC4C92B0388A700D91D8D /* XCRemoteSwiftPackageReference "firebase-ios-sdk" */;
			productName = FirebaseRemoteConfigSwift;
		};
		A6BBC4FC2B0388A700D91D8D /* FirebaseStorage */ = {
			isa = XCSwiftPackageProductDependency;
			package = A6BBC4C92B0388A700D91D8D /* XCRemoteSwiftPackageReference "firebase-ios-sdk" */;
			productName = FirebaseStorage;
		};
		A6BBC4FE2B0388A700D91D8D /* FirebaseStorageCombine-Community */ = {
			isa = XCSwiftPackageProductDependency;
			package = A6BBC4C92B0388A700D91D8D /* XCRemoteSwiftPackageReference "firebase-ios-sdk" */;
			productName = "FirebaseStorageCombine-Community";
		};
/* End XCSwiftPackageProductDependency section */
	};
	rootObject = A6BBC4A82B0323FD00D91D8D /* Project object */;
}
